// !$*UTF8*$!
{
	archiveVersion = 1;
	classes = {
	};
	objectVersion = 50;
	objects = {

/* Begin PBXBuildFile section */
		33AA1175240E801B00EB9D0D /* AppDelegate.swift in Sources */ = {isa = PBXBuildFile; fileRef = 33AA1174240E801B00EB9D0D /* AppDelegate.swift */; };
		33AA1177240E801B00EB9D0D /* SceneDelegate.swift in Sources */ = {isa = PBXBuildFile; fileRef = 33AA1176240E801B00EB9D0D /* SceneDelegate.swift */; };
		33AA1179240E801B00EB9D0D /* ViewController.swift in Sources */ = {isa = PBXBuildFile; fileRef = 33AA1178240E801B00EB9D0D /* ViewController.swift */; };
		33AA117C240E801B00EB9D0D /* Main.storyboard in Resources */ = {isa = PBXBuildFile; fileRef = 33AA117A240E801B00EB9D0D /* Main.storyboard */; };
		33AA117E240E801E00EB9D0D /* Assets.xcassets in Resources */ = {isa = PBXBuildFile; fileRef = 33AA117D240E801E00EB9D0D /* Assets.xcassets */; };
		33AA1181240E801E00EB9D0D /* LaunchScreen.storyboard in Resources */ = {isa = PBXBuildFile; fileRef = 33AA117F240E801E00EB9D0D /* LaunchScreen.storyboard */; };
		35E3A6AB14FC9CD6D4A291D3 /* Pods_gugudan.framework in Frameworks */ = {isa = PBXBuildFile; fileRef = F1EA541DB2064F4CE679D86E /* Pods_gugudan.framework */; };
/* End PBXBuildFile section */

/* Begin PBXFileReference section */
		20E67F160BFC45E3F82D0981 /* Pods-gugudan.debug.xcconfig */ = {isa = PBXFileReference; includeInIndex = 1; lastKnownFileType = text.xcconfig; name = "Pods-gugudan.debug.xcconfig"; path = "Target Support Files/Pods-gugudan/Pods-gugudan.debug.xcconfig"; sourceTree = "<group>"; };
		33AA1171240E801B00EB9D0D /* gugudan.app */ = {isa = PBXFileReference; explicitFileType = wrapper.application; includeInIndex = 0; path = gugudan.app; sourceTree = BUILT_PRODUCTS_DIR; };
		33AA1174240E801B00EB9D0D /* AppDelegate.swift */ = {isa = PBXFileReference; lastKnownFileType = sourcecode.swift; path = AppDelegate.swift; sourceTree = "<group>"; };
		33AA1176240E801B00EB9D0D /* SceneDelegate.swift */ = {isa = PBXFileReference; lastKnownFileType = sourcecode.swift; path = SceneDelegate.swift; sourceTree = "<group>"; };
		33AA1178240E801B00EB9D0D /* ViewController.swift */ = {isa = PBXFileReference; lastKnownFileType = sourcecode.swift; path = ViewController.swift; sourceTree = "<group>"; };
		33AA117B240E801B00EB9D0D /* Base */ = {isa = PBXFileReference; lastKnownFileType = file.storyboard; name = Base; path = Base.lproj/Main.storyboard; sourceTree = "<group>"; };
		33AA117D240E801E00EB9D0D /* Assets.xcassets */ = {isa = PBXFileReference; lastKnownFileType = folder.assetcatalog; path = Assets.xcassets; sourceTree = "<group>"; };
		33AA1180240E801E00EB9D0D /* Base */ = {isa = PBXFileReference; lastKnownFileType = file.storyboard; name = Base; path = Base.lproj/LaunchScreen.storyboard; sourceTree = "<group>"; };
		33AA1182240E801E00EB9D0D /* Info.plist */ = {isa = PBXFileReference; lastKnownFileType = text.plist.xml; path = Info.plist; sourceTree = "<group>"; };
		4D25E3709C2B3FE01309612F /* Pods-gugudan.release.xcconfig */ = {isa = PBXFileReference; includeInIndex = 1; lastKnownFileType = text.xcconfig; name = "Pods-gugudan.release.xcconfig"; path = "Target Support Files/Pods-gugudan/Pods-gugudan.release.xcconfig"; sourceTree = "<group>"; };
		F1EA541DB2064F4CE679D86E /* Pods_gugudan.framework */ = {isa = PBXFileReference; explicitFileType = wrapper.framework; includeInIndex = 0; path = Pods_gugudan.framework; sourceTree = BUILT_PRODUCTS_DIR; };
/* End PBXFileReference section */

/* Begin PBXFrameworksBuildPhase section */
		33AA116E240E801B00EB9D0D /* Frameworks */ = {
			isa = PBXFrameworksBuildPhase;
			buildActionMask = 2147483647;
			files = (
				35E3A6AB14FC9CD6D4A291D3 /* Pods_gugudan.framework in Frameworks */,
			);
			runOnlyForDeploymentPostprocessing = 0;
		};
/* End PBXFrameworksBuildPhase section */

/* Begin PBXGroup section */
		33AA1168240E801B00EB9D0D = {
			isa = PBXGroup;
			children = (
				33AA1173240E801B00EB9D0D /* gugudan */,
				33AA1172240E801B00EB9D0D /* Products */,
				87B3B7885D1629AB8B9C7FE1 /* Pods */,
				BDC79D26871A254DC31B5AFC /* Frameworks */,
			);
			sourceTree = "<group>";
		};
		33AA1172240E801B00EB9D0D /* Products */ = {
			isa = PBXGroup;
			children = (
				33AA1171240E801B00EB9D0D /* gugudan.app */,
			);
			name = Products;
			sourceTree = "<group>";
		};
		33AA1173240E801B00EB9D0D /* gugudan */ = {
			isa = PBXGroup;
			children = (
				33AA1174240E801B00EB9D0D /* AppDelegate.swift */,
				33AA1176240E801B00EB9D0D /* SceneDelegate.swift */,
				33AA1178240E801B00EB9D0D /* ViewController.swift */,
				33AA117A240E801B00EB9D0D /* Main.storyboard */,
				33AA117D240E801E00EB9D0D /* Assets.xcassets */,
				33AA117F240E801E00EB9D0D /* LaunchScreen.storyboard */,
				33AA1182240E801E00EB9D0D /* Info.plist */,
			);
			path = gugudan;
			sourceTree = "<group>";
		};
		87B3B7885D1629AB8B9C7FE1 /* Pods */ = {
			isa = PBXGroup;
			children = (
				20E67F160BFC45E3F82D0981 /* Pods-gugudan.debug.xcconfig */,
				4D25E3709C2B3FE01309612F /* Pods-gugudan.release.xcconfig */,
			);
			name = Pods;
			path = Pods;
			sourceTree = "<group>";
		};
		BDC79D26871A254DC31B5AFC /* Frameworks */ = {
			isa = PBXGroup;
			children = (
				F1EA541DB2064F4CE679D86E /* Pods_gugudan.framework */,
			);
			name = Frameworks;
			sourceTree = "<group>";
		};
/* End PBXGroup section */

/* Begin PBXNativeTarget section */
		33AA1170240E801B00EB9D0D /* gugudan */ = {
			isa = PBXNativeTarget;
			buildConfigurationList = 33AA1185240E801E00EB9D0D /* Build configuration list for PBXNativeTarget "gugudan" */;
			buildPhases = (
				DD5C859493E1F46B71EF3281 /* [CP] Check Pods Manifest.lock */,
				33AA116D240E801B00EB9D0D /* Sources */,
				33AA116E240E801B00EB9D0D /* Frameworks */,
				33AA116F240E801B00EB9D0D /* Resources */,
				E825927599C2AE4287EEDF53 /* [CP] Embed Pods Frameworks */,
			);
			buildRules = (
			);
			dependencies = (
			);
			name = gugudan;
			productName = gugudan;
			productReference = 33AA1171240E801B00EB9D0D /* gugudan.app */;
			productType = "com.apple.product-type.application";
		};
/* End PBXNativeTarget section */

/* Begin PBXProject section */
		33AA1169240E801B00EB9D0D /* Project object */ = {
			isa = PBXProject;
			attributes = {
				LastSwiftUpdateCheck = 1130;
				LastUpgradeCheck = 1130;
				ORGANIZATIONNAME = "joon-ho kil";
				TargetAttributes = {
					33AA1170240E801B00EB9D0D = {
						CreatedOnToolsVersion = 11.3.1;
					};
				};
			};
			buildConfigurationList = 33AA116C240E801B00EB9D0D /* Build configuration list for PBXProject "gugudan" */;
			compatibilityVersion = "Xcode 9.3";
			developmentRegion = en;
			hasScannedForEncodings = 0;
			knownRegions = (
				en,
				Base,
			);
			mainGroup = 33AA1168240E801B00EB9D0D;
			productRefGroup = 33AA1172240E801B00EB9D0D /* Products */;
			projectDirPath = "";
			projectRoot = "";
			targets = (
				33AA1170240E801B00EB9D0D /* gugudan */,
			);
		};
/* End PBXProject section */

/* Begin PBXResourcesBuildPhase section */
		33AA116F240E801B00EB9D0D /* Resources */ = {
			isa = PBXResourcesBuildPhase;
			buildActionMask = 2147483647;
			files = (
				33AA1181240E801E00EB9D0D /* LaunchScreen.storyboard in Resources */,
				33AA117E240E801E00EB9D0D /* Assets.xcassets in Resources */,
				33AA117C240E801B00EB9D0D /* Main.storyboard in Resources */,
			);
			runOnlyForDeploymentPostprocessing = 0;
		};
/* End PBXResourcesBuildPhase section */

/* Begin PBXShellScriptBuildPhase section */
		DD5C859493E1F46B71EF3281 /* [CP] Check Pods Manifest.lock */ = {
			isa = PBXShellScriptBuildPhase;
			buildActionMask = 2147483647;
			files = (
			);
			inputFileListPaths = (
			);
			inputPaths = (
				"${PODS_PODFILE_DIR_PATH}/Podfile.lock",
				"${PODS_ROOT}/Manifest.lock",
			);
			name = "[CP] Check Pods Manifest.lock";
			outputFileListPaths = (
			);
			outputPaths = (
				"$(DERIVED_FILE_DIR)/Pods-gugudan-checkManifestLockResult.txt",
			);
			runOnlyForDeploymentPostprocessing = 0;
			shellPath = /bin/sh;
			shellScript = "diff \"${PODS_PODFILE_DIR_PATH}/Podfile.lock\" \"${PODS_ROOT}/Manifest.lock\" > /dev/null\nif [ $? != 0 ] ; then\n    # print error to STDERR\n    echo \"error: The sandbox is not in sync with the Podfile.lock. Run 'pod install' or update your CocoaPods installation.\" >&2\n    exit 1\nfi\n# This output is used by Xcode 'outputs' to avoid re-running this script phase.\necho \"SUCCESS\" > \"${SCRIPT_OUTPUT_FILE_0}\"\n";
			showEnvVarsInLog = 0;
		};
		E825927599C2AE4287EEDF53 /* [CP] Embed Pods Frameworks */ = {
			isa = PBXShellScriptBuildPhase;
			buildActionMask = 2147483647;
			files = (
			);
			inputFileListPaths = (
				"${PODS_ROOT}/Target Support Files/Pods-gugudan/Pods-gugudan-frameworks-${CONFIGURATION}-input-files.xcfilelist",
			);
			name = "[CP] Embed Pods Frameworks";
			outputFileListPaths = (
				"${PODS_ROOT}/Target Support Files/Pods-gugudan/Pods-gugudan-frameworks-${CONFIGURATION}-output-files.xcfilelist",
			);
			runOnlyForDeploymentPostprocessing = 0;
			shellPath = /bin/sh;
			shellScript = "\"${PODS_ROOT}/Target Support Files/Pods-gugudan/Pods-gugudan-frameworks.sh\"\n";
			showEnvVarsInLog = 0;
		};
/* End PBXShellScriptBuildPhase section */

/* Begin PBXSourcesBuildPhase section */
		33AA116D240E801B00EB9D0D /* Sources */ = {
			isa = PBXSourcesBuildPhase;
			buildActionMask = 2147483647;
			files = (
				33AA1179240E801B00EB9D0D /* ViewController.swift in Sources */,
				33AA1175240E801B00EB9D0D /* AppDelegate.swift in Sources */,
				33AA1177240E801B00EB9D0D /* SceneDelegate.swift in Sources */,
			);
			runOnlyForDeploymentPostprocessing = 0;
		};
/* End PBXSourcesBuildPhase section */

/* Begin PBXVariantGroup section */
		33AA117A240E801B00EB9D0D /* Main.storyboard */ = {
			isa = PBXVariantGroup;
			children = (
				33AA117B240E801B00EB9D0D /* Base */,
			);
			name = Main.storyboard;
			sourceTree = "<group>";
		};
		33AA117F240E801E00EB9D0D /* LaunchScreen.storyboard */ = {
			isa = PBXVariantGroup;
			children = (
				33AA1180240E801E00EB9D0D /* Base */,
			);
			name = LaunchScreen.storyboard;
			sourceTree = "<group>";
		};
/* End PBXVariantGroup section */

/* Begin XCBuildConfiguration section */
		33AA1183240E801E00EB9D0D /* Debug */ = {
			isa = XCBuildConfiguration;
			buildSettings = {
				ALWAYS_SEARCH_USER_PATHS = NO;
				CLANG_ANALYZER_NONNULL = YES;
				CLANG_ANALYZER_NUMBER_OBJECT_CONVERSION = YES_AGGRESSIVE;
				CLANG_CXX_LANGUAGE_STANDARD = "gnu++14";
				CLANG_CXX_LIBRARY = "libc++";
				CLANG_ENABLE_MODULES = YES;
				CLANG_ENABLE_OBJC_ARC = YES;
				CLANG_ENABLE_OBJC_WEAK = YES;
				CLANG_WARN_BLOCK_CAPTURE_AUTORELEASING = YES;
				CLANG_WARN_BOOL_CONVERSION = YES;
				CLANG_WARN_COMMA = YES;
				CLANG_WARN_CONSTANT_CONVERSION = YES;
				CLANG_WARN_DEPRECATED_OBJC_IMPLEMENTATIONS = YES;
				CLANG_WARN_DIRECT_OBJC_ISA_USAGE = YES_ERROR;
				CLANG_WARN_DOCUMENTATION_COMMENTS = YES;
				CLANG_WARN_EMPTY_BODY = YES;
				CLANG_WARN_ENUM_CONVERSION = YES;
				CLANG_WARN_INFINITE_RECURSION = YES;
				CLANG_WARN_INT_CONVERSION = YES;
				CLANG_WARN_NON_LITERAL_NULL_CONVERSION = YES;
				CLANG_WARN_OBJC_IMPLICIT_RETAIN_SELF = YES;
				CLANG_WARN_OBJC_LITERAL_CONVERSION = YES;
				CLANG_WARN_OBJC_ROOT_CLASS = YES_ERROR;
				CLANG_WARN_RANGE_LOOP_ANALYSIS = YES;
				CLANG_WARN_STRICT_PROTOTYPES = YES;
				CLANG_WARN_SUSPICIOUS_MOVE = YES;
				CLANG_WARN_UNGUARDED_AVAILABILITY = YES_AGGRESSIVE;
				CLANG_WARN_UNREACHABLE_CODE = YES;
				CLANG_WARN__DUPLICATE_METHOD_MATCH = YES;
				COPY_PHASE_STRIP = NO;
				DEBUG_INFORMATION_FORMAT = dwarf;
				ENABLE_STRICT_OBJC_MSGSEND = YES;
				ENABLE_TESTABILITY = YES;
				GCC_C_LANGUAGE_STANDARD = gnu11;
				GCC_DYNAMIC_NO_PIC = NO;
				GCC_NO_COMMON_BLOCKS = YES;
				GCC_OPTIMIZATION_LEVEL = 0;
				GCC_PREPROCESSOR_DEFINITIONS = (
					"DEBUG=1",
					"$(inherited)",
				);
				GCC_WARN_64_TO_32_BIT_CONVERSION = YES;
				GCC_WARN_ABOUT_RETURN_TYPE = YES_ERROR;
				GCC_WARN_UNDECLARED_SELECTOR = YES;
				GCC_WARN_UNINITIALIZED_AUTOS = YES_AGGRESSIVE;
				GCC_WARN_UNUSED_FUNCTION = YES;
				GCC_WARN_UNUSED_VARIABLE = YES;
				IPHONEOS_DEPLOYMENT_TARGET = 13.2;
				MTL_ENABLE_DEBUG_INFO = INCLUDE_SOURCE;
				MTL_FAST_MATH = YES;
				ONLY_ACTIVE_ARCH = YES;
				SDKROOT = iphoneos;
				SWIFT_ACTIVE_COMPILATION_CONDITIONS = DEBUG;
				SWIFT_OPTIMIZATION_LEVEL = "-Onone";
			};
			name = Debug;
		};
		33AA1184240E801E00EB9D0D /* Release */ = {
			isa = XCBuildConfiguration;
			buildSettings = {
				ALWAYS_SEARCH_USER_PATHS = NO;
				CLANG_ANALYZER_NONNULL = YES;
				CLANG_ANALYZER_NUMBER_OBJECT_CONVERSION = YES_AGGRESSIVE;
				CLANG_CXX_LANGUAGE_STANDARD = "gnu++14";
				CLANG_CXX_LIBRARY = "libc++";
				CLANG_ENABLE_MODULES = YES;
				CLANG_ENABLE_OBJC_ARC = YES;
				CLANG_ENABLE_OBJC_WEAK = YES;
				CLANG_WARN_BLOCK_CAPTURE_AUTORELEASING = YES;
				CLANG_WARN_BOOL_CONVERSION = YES;
				CLANG_WARN_COMMA = YES;
				CLANG_WARN_CONSTANT_CONVERSION = YES;
				CLANG_WARN_DEPRECATED_OBJC_IMPLEMENTATIONS = YES;
				CLANG_WARN_DIRECT_OBJC_ISA_USAGE = YES_ERROR;
				CLANG_WARN_DOCUMENTATION_COMMENTS = YES;
				CLANG_WARN_EMPTY_BODY = YES;
				CLANG_WARN_ENUM_CONVERSION = YES;
				CLANG_WARN_INFINITE_RECURSION = YES;
				CLANG_WARN_INT_CONVERSION = YES;
				CLANG_WARN_NON_LITERAL_NULL_CONVERSION = YES;
				CLANG_WARN_OBJC_IMPLICIT_RETAIN_SELF = YES;
				CLANG_WARN_OBJC_LITERAL_CONVERSION = YES;
				CLANG_WARN_OBJC_ROOT_CLASS = YES_ERROR;
				CLANG_WARN_RANGE_LOOP_ANALYSIS = YES;
				CLANG_WARN_STRICT_PROTOTYPES = YES;
				CLANG_WARN_SUSPICIOUS_MOVE = YES;
				CLANG_WARN_UNGUARDED_AVAILABILITY = YES_AGGRESSIVE;
				CLANG_WARN_UNREACHABLE_CODE = YES;
				CLANG_WARN__DUPLICATE_METHOD_MATCH = YES;
				COPY_PHASE_STRIP = NO;
				DEBUG_INFORMATION_FORMAT = "dwarf-with-dsym";
				ENABLE_NS_ASSERTIONS = NO;
				ENABLE_STRICT_OBJC_MSGSEND = YES;
				GCC_C_LANGUAGE_STANDARD = gnu11;
				GCC_NO_COMMON_BLOCKS = YES;
				GCC_WARN_64_TO_32_BIT_CONVERSION = YES;
				GCC_WARN_ABOUT_RETURN_TYPE = YES_ERROR;
				GCC_WARN_UNDECLARED_SELECTOR = YES;
				GCC_WARN_UNINITIALIZED_AUTOS = YES_AGGRESSIVE;
				GCC_WARN_UNUSED_FUNCTION = YES;
				GCC_WARN_UNUSED_VARIABLE = YES;
				IPHONEOS_DEPLOYMENT_TARGET = 13.2;
				MTL_ENABLE_DEBUG_INFO = NO;
				MTL_FAST_MATH = YES;
				SDKROOT = iphoneos;
				SWIFT_COMPILATION_MODE = wholemodule;
				SWIFT_OPTIMIZATION_LEVEL = "-O";
				VALIDATE_PRODUCT = YES;
			};
			name = Release;
		};
		33AA1186240E801E00EB9D0D /* Debug */ = {
			isa = XCBuildConfiguration;
			baseConfigurationReference = 20E67F160BFC45E3F82D0981 /* Pods-gugudan.debug.xcconfig */;
			buildSettings = {
				ASSETCATALOG_COMPILER_APPICON_NAME = AppIcon;
				CODE_SIGN_STYLE = Automatic;
				DEVELOPMENT_TEAM = 2N6GUCNLQH;
				INFOPLIST_FILE = gugudan/Info.plist;
				LD_RUNPATH_SEARCH_PATHS = (
					"$(inherited)",
					"@executable_path/Frameworks",
				);
				PRODUCT_BUNDLE_IDENTIFIER = me.kiljh.gugudan;
				PRODUCT_NAME = "$(TARGET_NAME)";
				SWIFT_VERSION = 5.0;
				TARGETED_DEVICE_FAMILY = "1,2";
			};
			name = Debug;
		};
		33AA1187240E801E00EB9D0D /* Release */ = {
			isa = XCBuildConfiguration;
			baseConfigurationReference = 4D25E3709C2B3FE01309612F /* Pods-gugudan.release.xcconfig */;
			buildSettings = {
				ASSETCATALOG_COMPILER_APPICON_NAME = AppIcon;
				CODE_SIGN_STYLE = Automatic;
				DEVELOPMENT_TEAM = 2N6GUCNLQH;
				INFOPLIST_FILE = gugudan/Info.plist;
				LD_RUNPATH_SEARCH_PATHS = (
					"$(inherited)",
					"@executable_path/Frameworks",
				);
				PRODUCT_BUNDLE_IDENTIFIER = me.kiljh.gugudan;
				PRODUCT_NAME = "$(TARGET_NAME)";
				SWIFT_VERSION = 5.0;
				TARGETED_DEVICE_FAMILY = "1,2";
			};
			name = Release;
		};
/* End XCBuildConfiguration section */

/* Begin XCConfigurationList section */
		33AA116C240E801B00EB9D0D /* Build configuration list for PBXProject "gugudan" */ = {
			isa = XCConfigurationList;
			buildConfigurations = (
				33AA1183240E801E00EB9D0D /* Debug */,
				33AA1184240E801E00EB9D0D /* Release */,
			);
			defaultConfigurationIsVisible = 0;
			defaultConfigurationName = Release;
		};
		33AA1185240E801E00EB9D0D /* Build configuration list for PBXNativeTarget "gugudan" */ = {
			isa = XCConfigurationList;
			buildConfigurations = (
				33AA1186240E801E00EB9D0D /* Debug */,
				33AA1187240E801E00EB9D0D /* Release */,
			);
			defaultConfigurationIsVisible = 0;
			defaultConfigurationName = Release;
		};
/* End XCConfigurationList section */
	};
	rootObject = 33AA1169240E801B00EB9D0D /* Project object */;
}
